
Microsoft Visual Studio Solution File, Format Version 12.00
# Visual Studio Version 17
VisualStudioVersion = 17.9.34622.214
MinimumVisualStudioVersion = 10.0.40219.1
Project("{FAE04EC0-301F-11D3-BF4B-00C04F79EFBC}") = "SEVestTourAPI", "SEVestTourAPI\SEVestTourAPI.csproj", "{1B28BA25-9107-46BF-8CBE-AC731AE6B72B}"
EndProject
Global
	GlobalSection(SolutionConfigurationPlatforms) = preSolution
		Debug|Any CPU = Debug|Any CPU
		Release|Any CPU = Release|Any CPU
	EndGlobalSection
	GlobalSection(ProjectConfigurationPlatforms) = postSolution
		{1B28BA25-9107-46BF-8CBE-AC731AE6B72B}.Debug|Any CPU.ActiveCfg = Debug|Any CPU
		{1B28BA25-9107-46BF-8CBE-AC731AE6B72B}.Debug|Any CPU.Build.0 = Debug|Any CPU
		{1B28BA25-9107-46BF-8CBE-AC731AE6B72B}.Release|Any CPU.ActiveCfg = Release|Any CPU
		{1B28BA25-9107-46BF-8CBE-AC731AE6B72B}.Release|Any CPU.Build.0 = Release|Any CPU
	EndGlobalSection
	GlobalSection(SolutionProperties) = preSolution
		HideSolutionNode = FALSE
	EndGlobalSection
	GlobalSection(ExtensibilityGlobals) = postSolution
		SolutionGuid = {0F615185-E574-4C45-9E34-DD18A0EF3594}
	EndGlobalSection
EndGlobal
